{
  "name": "ok2cry",
  "lockfileVersion": 2,
  "requires": true,
  "packages": {
    "": {
      "dependencies": {
        "@peculiar/webcrypto": "1.4.0",
        "@tinyhttp/app": "^2.0.22",
        "@tinyhttp/logger": "^1.3.0",
        "milliparsec": "^2.2.2",
        "nbb": "^0.7.132"
      }
    },
    "node_modules/@peculiar/asn1-schema": {
      "version": "2.2.0",
      "resolved": "https://registry.npmjs.org/@peculiar/asn1-schema/-/asn1-schema-2.2.0.tgz",
      "integrity": "sha512-1ENEJNY7Lwlua/1wvzpYP194WtjQBfFxvde2FlzfBFh/ln6wvChrtxlORhbKEnYswzn6fOC4c7HdC5izLPMTJg==",
      "dependencies": {
        "asn1js": "^3.0.5",
        "pvtsutils": "^1.3.2",
        "tslib": "^2.4.0"
      }
    },
    "node_modules/@peculiar/json-schema": {
      "version": "1.1.12",
      "resolved": "https://registry.npmjs.org/@peculiar/json-schema/-/json-schema-1.1.12.tgz",
      "integrity": "sha512-coUfuoMeIB7B8/NMekxaDzLhaYmp0HZNPEjYRm9goRou8UZIC3z21s0sL9AWoCw4EG876QyO3kYrc61WNF9B/w==",
      "dependencies": {
        "tslib": "^2.0.0"
      },
      "engines": {
        "node": ">=8.0.0"
      }
    },
    "node_modules/@peculiar/webcrypto": {
      "version": "1.4.0",
      "resolved": "https://registry.npmjs.org/@peculiar/webcrypto/-/webcrypto-1.4.0.tgz",
      "integrity": "sha512-U58N44b2m3OuTgpmKgf0LPDOmP3bhwNz01vAnj1mBwxBASRhptWYK+M3zG+HBkDqGQM+bFsoIihTW8MdmPXEqg==",
      "dependencies": {
        "@peculiar/asn1-schema": "^2.1.6",
        "@peculiar/json-schema": "^1.1.12",
        "pvtsutils": "^1.3.2",
        "tslib": "^2.4.0",
        "webcrypto-core": "^1.7.4"
      },
      "engines": {
        "node": ">=10.12.0"
      }
    },
    "node_modules/@tinyhttp/accepts": {
      "version": "2.0.6",
      "resolved": "https://registry.npmjs.org/@tinyhttp/accepts/-/accepts-2.0.6.tgz",
      "integrity": "sha512-oAdgnGIzYL0J1LPOThdREMACUA0TxhTonctiEmRMEVosCXurpDS5RATuBroQ5rWPxMuSv+ussur7bErHFUxeGw==",
      "dependencies": {
        "es-mime-types": "^0.1.4",
        "negotiator": "^0.6.2"
      },
      "engines": {
        "node": ">=12.4.0"
      },
      "funding": {
        "type": "individual",
        "url": "https://github.com/tinyhttp/tinyhttp?sponsor=1"
      }
    },
    "node_modules/@tinyhttp/app": {
      "version": "2.0.22",
      "resolved": "https://registry.npmjs.org/@tinyhttp/app/-/app-2.0.22.tgz",
      "integrity": "sha512-OMFrQYRVi2bKUdPB63wkKUtBaNVTF3VCkvFS9sqUCs3SCAr9ZsT0zxM846M1nGeOx1KU4HTeXk9480qGYybOAQ==",
      "dependencies": {
        "@tinyhttp/cookie": "2.0.4",
        "@tinyhttp/proxy-addr": "2.0.4",
        "@tinyhttp/req": "2.0.13",
        "@tinyhttp/res": "2.0.17",
        "@tinyhttp/router": "2.0.5",
        "header-range-parser": "1.1.3",
        "regexparam": "^2.0.0"
      },
      "engines": {
        "node": ">=12.x"
      },
      "funding": {
        "type": "individual",
        "url": "https://github.com/tinyhttp/tinyhttp?sponsor=1"
      }
    },
    "node_modules/@tinyhttp/content-disposition": {
      "version": "2.0.6",
      "resolved": "https://registry.npmjs.org/@tinyhttp/content-disposition/-/content-disposition-2.0.6.tgz",
      "integrity": "sha512-Xd3IW1Qh1voaWaf7rCx+jiq7S9AOpKo4kQduS5gdh7Nt3+ZfNhG5E4GBJlQnyHWD5/LRZa84U7X34Xdrto0IVQ==",
      "engines": {
        "node": ">=12.4.0"
      },
      "funding": {
        "type": "individual",
        "url": "https://github.com/tinyhttp/tinyhttp?sponsor=1"
      }
    },
    "node_modules/@tinyhttp/cookie": {
      "version": "2.0.4",
      "resolved": "https://registry.npmjs.org/@tinyhttp/cookie/-/cookie-2.0.4.tgz",
      "integrity": "sha512-CqapJxVwoepY2r0XSDnDhZeV7aQhR1P+RiVFj3zg7w0doNepUmGcgnrSFYMuxYbd7SG0RtJ6skVG0s+9S0SUag==",
      "engines": {
        "node": ">=12.4.0"
      },
      "funding": {
        "type": "individual",
        "url": "https://github.com/tinyhttp/tinyhttp?sponsor=1"
      }
    },
    "node_modules/@tinyhttp/cookie-signature": {
      "version": "2.0.4",
      "resolved": "https://registry.npmjs.org/@tinyhttp/cookie-signature/-/cookie-signature-2.0.4.tgz",
      "integrity": "sha512-QpldoF+4XIFbaNWSm2boKXh1O3AXPSZZYkma+B8JWG+HN37rp/6SRj9renqWpU/LNj7Qshar3DRevg3YPwHpiQ==",
      "engines": {
        "node": ">=12.4.0"
      }
    },
    "node_modules/@tinyhttp/encode-url": {
      "version": "2.0.5",
      "resolved": "https://registry.npmjs.org/@tinyhttp/encode-url/-/encode-url-2.0.5.tgz",
      "integrity": "sha512-j0CHNTUB7hI5QTcRo5TXG6A4BrthuLE/p1qDOh2plGd21WTPMtMlq0MmfUJcelAxcQD3FIBt0TZBSepGzpdFww==",
      "engines": {
        "node": ">=12.4.0"
      }
    },
    "node_modules/@tinyhttp/etag": {
      "version": "2.0.4",
      "resolved": "https://registry.npmjs.org/@tinyhttp/etag/-/etag-2.0.4.tgz",
      "integrity": "sha512-GqotnzpLdpvKNLGzKsmC2qqG0E4j4CosiVKcFXKPj7PvnJ5XCMbwCtRuCu0cTRjqrWIKUuBWFSNgc/aLCHuYrg==",
      "engines": {
        "node": ">=12.4.0"
      }
    },
    "node_modules/@tinyhttp/forwarded": {
      "version": "2.0.4",
      "resolved": "https://registry.npmjs.org/@tinyhttp/forwarded/-/forwarded-2.0.4.tgz",
      "integrity": "sha512-HRSLYirUdjV2wr0neR4M1nxsO9inz4fheMjdqGYUDkw+axLxtNDreAXuSCDcWku43ovcM0Pbuj35Jrm0NKVYBw==",
      "engines": {
        "node": ">=12.4.0"
      }
    },
    "node_modules/@tinyhttp/logger": {
      "version": "1.3.0",
      "resolved": "https://registry.npmjs.org/@tinyhttp/logger/-/logger-1.3.0.tgz",
      "integrity": "sha512-u8vbW8OEPur3ZlkJGNO+Nl/xw78cdIaDAcWMUEg7o3UY9L5xezMQcLBPX8ykJLEB+Yl+BDmTvt1s1LzkwM6mNQ==",
      "dependencies": {
        "colorette": "^1.2.2",
        "dayjs": "^1.10.4",
        "http-status-emojis": "^2.2.0"
      },
      "engines": {
        "node": ">=12.4.0"
      }
    },
    "node_modules/@tinyhttp/proxy-addr": {
      "version": "2.0.4",
      "resolved": "https://registry.npmjs.org/@tinyhttp/proxy-addr/-/proxy-addr-2.0.4.tgz",
      "integrity": "sha512-PSPF2JplFrWjlizrn+7eQKBQrK2v7rk3wvPkUriKZuo5On2NDIOuM82eDsvg2X7yqYAK+/rRqq1BZHvS5oBong==",
      "dependencies": {
        "@tinyhttp/forwarded": "2.0.4",
        "ipaddr.js": "^2.0.1"
      },
      "engines": {
        "node": ">=12.4.0"
      }
    },
    "node_modules/@tinyhttp/req": {
      "version": "2.0.13",
      "resolved": "https://registry.npmjs.org/@tinyhttp/req/-/req-2.0.13.tgz",
      "integrity": "sha512-vRyRqHUwABynXnNBGAgHBT2VZ+zDIjhmzLEtW1F23qgxmbhc7PhOR/9sPo/jdSLgpY2yxMbWqDyMR1Lka++JZw==",
      "dependencies": {
        "@tinyhttp/accepts": "2.0.6",
        "@tinyhttp/type-is": "2.0.5",
        "@tinyhttp/url": "2.0.6",
        "es-fresh": "^0.0.10",
        "header-range-parser": "^1.1.3"
      },
      "engines": {
        "node": ">=12.4.0"
      }
    },
    "node_modules/@tinyhttp/res": {
      "version": "2.0.17",
      "resolved": "https://registry.npmjs.org/@tinyhttp/res/-/res-2.0.17.tgz",
      "integrity": "sha512-gMOwCPNk6w5IvO9HcP+CuGQ1xGxbL26EuUytZ6mdJP2KHl2TT4nuNkJkGnaMLiKTlOGnX/+5h+HgKlqStQyzeA==",
      "dependencies": {
        "@tinyhttp/content-disposition": "2.0.6",
        "@tinyhttp/cookie": "2.0.4",
        "@tinyhttp/cookie-signature": "2.0.4",
        "@tinyhttp/encode-url": "2.0.5",
        "@tinyhttp/req": "2.0.13",
        "@tinyhttp/send": "2.0.5",
        "es-escape-html": "^0.1.1",
        "es-mime-types": "^0.1.4",
        "es-vary": "^0.1.1"
      },
      "engines": {
        "node": ">=12.4.0"
      }
    },
    "node_modules/@tinyhttp/router": {
      "version": "2.0.5",
      "resolved": "https://registry.npmjs.org/@tinyhttp/router/-/router-2.0.5.tgz",
      "integrity": "sha512-1YWmq61aae3fcZfqUMNSj1soCpdoPP8SDbfwsDy8RgZRG/OtNeifCmTN5+ukvxuSzGAuHBmn/c0qTQ3ECwMFrQ==",
      "engines": {
        "node": ">=12.4.0"
      }
    },
    "node_modules/@tinyhttp/send": {
      "version": "2.0.5",
      "resolved": "https://registry.npmjs.org/@tinyhttp/send/-/send-2.0.5.tgz",
      "integrity": "sha512-rVAa6bwPj03/npjwNO8xKDuoLE6qF4lN8QGinezznoDwjKtH3B+QwC14BFb65BXAAMajpgST4x3AKdb4khRqAw==",
      "dependencies": {
        "@tinyhttp/etag": "2.0.4",
        "es-content-type": "^0.1.0",
        "es-mime-types": "^0.1.4"
      },
      "engines": {
        "node": ">=12.4.0"
      }
    },
    "node_modules/@tinyhttp/type-is": {
      "version": "2.0.5",
      "resolved": "https://registry.npmjs.org/@tinyhttp/type-is/-/type-is-2.0.5.tgz",
      "integrity": "sha512-X8CPx6iDkjZ51TN1uurpLdzv1jaOiW1ZlBpla2skZu+/pCMDZ8tQnyfbibYYM6hi0IPAnL+YXv4pDTIgFcbL7g==",
      "dependencies": {
        "es-content-type": "^0.1.0",
        "es-mime-types": "^0.1.4"
      },
      "engines": {
        "node": ">=12.4.0"
      }
    },
    "node_modules/@tinyhttp/url": {
      "version": "2.0.6",
      "resolved": "https://registry.npmjs.org/@tinyhttp/url/-/url-2.0.6.tgz",
      "integrity": "sha512-NIWvR4NjcoUqWFkHZqfWmrncCIyxOwErn1bKfZVgV6xJLI5MUwAgL8B2ziU8W9ghVKiTh5dJU4p9lZVL550M5w==",
      "engines": {
        "node": ">=12.4.0"
      }
    },
    "node_modules/asn1js": {
      "version": "3.0.5",
      "resolved": "https://registry.npmjs.org/asn1js/-/asn1js-3.0.5.tgz",
      "integrity": "sha512-FVnvrKJwpt9LP2lAMl8qZswRNm3T4q9CON+bxldk2iwk3FFpuwhx2FfinyitizWHsVYyaY+y5JzDR0rCMV5yTQ==",
      "dependencies": {
        "pvtsutils": "^1.3.2",
        "pvutils": "^1.1.3",
        "tslib": "^2.4.0"
      },
      "engines": {
        "node": ">=12.0.0"
      }
    },
    "node_modules/builtins": {
      "version": "4.1.0",
      "resolved": "https://registry.npmjs.org/builtins/-/builtins-4.1.0.tgz",
      "integrity": "sha512-1bPRZQtmKaO6h7qV1YHXNtr6nCK28k0Zo95KM4dXfILcZZwoHJBN1m3lfLv9LPkcOZlrSr+J1bzMaZFO98Yq0w==",
      "dependencies": {
        "semver": "^7.0.0"
      }
    },
    "node_modules/colorette": {
      "version": "1.4.0",
      "resolved": "https://registry.npmjs.org/colorette/-/colorette-1.4.0.tgz",
      "integrity": "sha512-Y2oEozpomLn7Q3HFP7dpww7AtMJplbM9lGZP6RDfHqmbeRjiwRg4n6VM6j4KLmRke85uWEI7JqF17f3pqdRA0g=="
    },
    "node_modules/dayjs": {
      "version": "1.11.5",
      "resolved": "https://registry.npmjs.org/dayjs/-/dayjs-1.11.5.tgz",
      "integrity": "sha512-CAdX5Q3YW3Gclyo5Vpqkgpj8fSdLQcRuzfX6mC6Phy0nfJ0eGYOeS7m4mt2plDWLAtA4TqTakvbboHvUxfe4iA=="
    },
    "node_modules/es-content-type": {
      "version": "0.1.0",
      "resolved": "https://registry.npmjs.org/es-content-type/-/es-content-type-0.1.0.tgz",
      "integrity": "sha512-DqWU9pSzhNlO10q+NQ/KebImLkKbwbcy0pSv3hNQfEpKFHsrqDJz2vajpZdq7nkiG9DoJcTh22oHGymp7XJd9g==",
      "engines": {
        "node": ">=12.x"
      }
    },
    "node_modules/es-escape-html": {
      "version": "0.1.1",
      "resolved": "https://registry.npmjs.org/es-escape-html/-/es-escape-html-0.1.1.tgz",
      "integrity": "sha512-yUx1o+8RsG7UlszmYPtks+dm6Lho2m8lgHMOsLJQsFI0R8XwUJwiMhM1M4E/S8QLeGyf6MkDV/pWgjQ0tdTSyQ==",
      "engines": {
        "node": ">=12.x"
      }
    },
    "node_modules/es-fresh": {
      "version": "0.0.10",
      "resolved": "https://registry.npmjs.org/es-fresh/-/es-fresh-0.0.10.tgz",
      "integrity": "sha512-/e5etUqtxj7JktALldpsDNC84DOHavN9PqojnTTGeX1M2/Q4/SF8d55d7AsB3n66WYS43hdBbn0sAllto5kSIg==",
      "engines": {
        "node": ">=12.x"
      }
    },
    "node_modules/es-mime-types": {
      "version": "0.1.4",
      "resolved": "https://registry.npmjs.org/es-mime-types/-/es-mime-types-0.1.4.tgz",
      "integrity": "sha512-rUrmfrUIHU/4ykYB+YH80LDiSpmn6sE/A9E8EsFZP4LCtf/PH+ju6d6goFJ8fsGf81pRtQn1cJSmp8JGA9YkfQ==",
      "dependencies": {
        "mime-db": "^1.50.0"
      },
      "engines": {
        "node": ">=12.x"
      }
    },
    "node_modules/es-vary": {
      "version": "0.1.2",
      "resolved": "https://registry.npmjs.org/es-vary/-/es-vary-0.1.2.tgz",
      "integrity": "sha512-pLqqZoOutAXQXyBJrUYVNM5fZngiOJYi1Xl4svQMrluTsqDUOQlBMw9EYgLrsWL6niDYn/Yd1y2Pj6GC+j/yjA==",
      "engines": {
        "node": ">=12.x"
      }
    },
    "node_modules/header-range-parser": {
      "version": "1.1.3",
      "resolved": "https://registry.npmjs.org/header-range-parser/-/header-range-parser-1.1.3.tgz",
      "integrity": "sha512-B9zCFt3jH8g09LR1vHL4pcAn8yMEtlSlOUdQemzHMRKMImNIhhszdeosYFfNW0WXKQtXIlWB+O4owHJKvEJYaA==",
      "engines": {
        "node": ">=12.22.0"
      }
    },
    "node_modules/http-status-emojis": {
      "version": "2.2.0",
      "resolved": "https://registry.npmjs.org/http-status-emojis/-/http-status-emojis-2.2.0.tgz",
      "integrity": "sha512-ompKtgwpx8ff0hsbpIB7oE4ax1LXoHmftsHHStMELX56ivG3GhofTX8ZHWlUaFKfGjcGjw6G3rPk7dJRXMmbbg=="
    },
    "node_modules/import-meta-resolve": {
      "version": "1.1.1",
      "resolved": "https://registry.npmjs.org/import-meta-resolve/-/import-meta-resolve-1.1.1.tgz",
      "integrity": "sha512-JiTuIvVyPaUg11eTrNDx5bgQ/yMKMZffc7YSjvQeSMXy58DO2SQ8BtAf3xteZvmzvjYh14wnqNjL8XVeDy2o9A==",
      "dependencies": {
        "builtins": "^4.0.0"
      },
      "funding": {
        "type": "github",
        "url": "https://github.com/sponsors/wooorm"
      }
    },
    "node_modules/ipaddr.js": {
      "version": "2.0.1",
      "resolved": "https://registry.npmjs.org/ipaddr.js/-/ipaddr.js-2.0.1.tgz",
      "integrity": "sha512-1qTgH9NG+IIJ4yfKs2e6Pp1bZg8wbDbKHT21HrLIeYBTRLgMYKnMTPAuI3Lcs61nfx5h1xlXnbJtH1kX5/d/ng==",
      "engines": {
        "node": ">= 10"
      }
    },
    "node_modules/lru-cache": {
      "version": "6.0.0",
      "resolved": "https://registry.npmjs.org/lru-cache/-/lru-cache-6.0.0.tgz",
      "integrity": "sha512-Jo6dJ04CmSjuznwJSS3pUeWmd/H0ffTlkXXgwZi+eq1UCmqQwCh+eLsYOYCwY991i2Fah4h1BEMCx4qThGbsiA==",
      "dependencies": {
        "yallist": "^4.0.0"
      },
      "engines": {
        "node": ">=10"
      }
    },
    "node_modules/milliparsec": {
      "version": "2.2.2",
      "resolved": "https://registry.npmjs.org/milliparsec/-/milliparsec-2.2.2.tgz",
      "integrity": "sha512-TvAwN6RwLpdeY8+ly4JHxC8fTE5wS1rpg3BpltJd9W7oiY4yZtlCsfIXeLw493p3+9ihpTtvQ6ovnTp3o11wyQ==",
      "engines": {
        "node": ">=12.4"
      }
    },
    "node_modules/mime-db": {
      "version": "1.52.0",
      "resolved": "https://registry.npmjs.org/mime-db/-/mime-db-1.52.0.tgz",
      "integrity": "sha512-sPU4uV7dYlvtWJxwwxHD0PuihVNiE7TyAbQ5SWxDCB9mUYvOgroQOwYQQOKPJ8CIbE+1ETVlOoK1UC2nU3gYvg==",
      "engines": {
        "node": ">= 0.6"
      }
    },
    "node_modules/nbb": {
      "version": "0.7.132",
      "resolved": "https://registry.npmjs.org/nbb/-/nbb-0.7.132.tgz",
      "integrity": "sha512-bl955apSrQqRzqap+5QEUCFAFMGwTsAeybb410RhzBv+qD/JkU4iHB2ZNJ4h3wfJa9rknb1UwaNCQvx9md1Jsg==",
      "dependencies": {
        "import-meta-resolve": "^1.1.1"
      },
      "bin": {
        "nbb": "cli.js"
      }
    },
    "node_modules/negotiator": {
      "version": "0.6.3",
      "resolved": "https://registry.npmjs.org/negotiator/-/negotiator-0.6.3.tgz",
      "integrity": "sha512-+EUsqGPLsM+j/zdChZjsnX51g4XrHFOIXwfnCVPGlQk/k5giakcKsuxCObBRu6DSm9opw/O6slWbJdghQM4bBg==",
      "engines": {
        "node": ">= 0.6"
      }
    },
    "node_modules/pvtsutils": {
      "version": "1.3.2",
      "resolved": "https://registry.npmjs.org/pvtsutils/-/pvtsutils-1.3.2.tgz",
      "integrity": "sha512-+Ipe2iNUyrZz+8K/2IOo+kKikdtfhRKzNpQbruF2URmqPtoqAs8g3xS7TJvFF2GcPXjh7DkqMnpVveRFq4PgEQ==",
      "dependencies": {
        "tslib": "^2.4.0"
      }
    },
    "node_modules/pvutils": {
      "version": "1.1.3",
      "resolved": "https://registry.npmjs.org/pvutils/-/pvutils-1.1.3.tgz",
      "integrity": "sha512-pMpnA0qRdFp32b1sJl1wOJNxZLQ2cbQx+k6tjNtZ8CpvVhNqEPRgivZ2WOUev2YMajecdH7ctUPDvEe87nariQ==",
      "engines": {
        "node": ">=6.0.0"
      }
    },
    "node_modules/regexparam": {
      "version": "2.0.1",
      "resolved": "https://registry.npmjs.org/regexparam/-/regexparam-2.0.1.tgz",
      "integrity": "sha512-zRgSaYemnNYxUv+/5SeoHI0eJIgTL/A2pUtXUPLHQxUldagouJ9p+K6IbIZ/JiQuCEv2E2B1O11SjVQy3aMCkw==",
      "engines": {
        "node": ">=8"
      }
    },
    "node_modules/semver": {
      "version": "7.3.7",
      "resolved": "https://registry.npmjs.org/semver/-/semver-7.3.7.tgz",
      "integrity": "sha512-QlYTucUYOews+WeEujDoEGziz4K6c47V/Bd+LjSSYcA94p+DmINdf7ncaUinThfvZyu13lN9OY1XDxt8C0Tw0g==",
      "dependencies": {
        "lru-cache": "^6.0.0"
      },
      "bin": {
        "semver": "bin/semver.js"
      },
      "engines": {
        "node": ">=10"
      }
    },
    "node_modules/tslib": {
      "version": "2.4.0",
      "resolved": "https://registry.npmjs.org/tslib/-/tslib-2.4.0.tgz",
      "integrity": "sha512-d6xOpEDfsi2CZVlPQzGeux8XMwLT9hssAsaPYExaQMuYskwb+x1x7J371tWlbBdWHroy99KnVB6qIkUbs5X3UQ=="
    },
    "node_modules/webcrypto-core": {
      "version": "1.7.5",
      "resolved": "https://registry.npmjs.org/webcrypto-core/-/webcrypto-core-1.7.5.tgz",
      "integrity": "sha512-gaExY2/3EHQlRNNNVSrbG2Cg94Rutl7fAaKILS1w8ZDhGxdFOaw6EbCfHIxPy9vt/xwp5o0VQAx9aySPF6hU1A==",
      "dependencies": {
        "@peculiar/asn1-schema": "^2.1.6",
        "@peculiar/json-schema": "^1.1.12",
        "asn1js": "^3.0.1",
        "pvtsutils": "^1.3.2",
        "tslib": "^2.4.0"
      }
    },
    "node_modules/yallist": {
      "version": "4.0.0",
      "resolved": "https://registry.npmjs.org/yallist/-/yallist-4.0.0.tgz",
      "integrity": "sha512-3wdGidZyq5PB084XLES5TpOSRA3wjXAlIWMhum2kRcv/41Sn2emQ0dycQW4uZXLejwKvg6EsvbdlVL+FYEct7A=="
    }
  },
  "dependencies": {
    "@peculiar/asn1-schema": {
      "version": "2.2.0",
      "resolved": "https://registry.npmjs.org/@peculiar/asn1-schema/-/asn1-schema-2.2.0.tgz",
      "integrity": "sha512-1ENEJNY7Lwlua/1wvzpYP194WtjQBfFxvde2FlzfBFh/ln6wvChrtxlORhbKEnYswzn6fOC4c7HdC5izLPMTJg==",
      "requires": {
        "asn1js": "^3.0.5",
        "pvtsutils": "^1.3.2",
        "tslib": "^2.4.0"
      }
    },
    "@peculiar/json-schema": {
      "version": "1.1.12",
      "resolved": "https://registry.npmjs.org/@peculiar/json-schema/-/json-schema-1.1.12.tgz",
      "integrity": "sha512-coUfuoMeIB7B8/NMekxaDzLhaYmp0HZNPEjYRm9goRou8UZIC3z21s0sL9AWoCw4EG876QyO3kYrc61WNF9B/w==",
      "requires": {
        "tslib": "^2.0.0"
      }
    },
    "@peculiar/webcrypto": {
      "version": "1.4.0",
      "resolved": "https://registry.npmjs.org/@peculiar/webcrypto/-/webcrypto-1.4.0.tgz",
      "integrity": "sha512-U58N44b2m3OuTgpmKgf0LPDOmP3bhwNz01vAnj1mBwxBASRhptWYK+M3zG+HBkDqGQM+bFsoIihTW8MdmPXEqg==",
      "requires": {
        "@peculiar/asn1-schema": "^2.1.6",
        "@peculiar/json-schema": "^1.1.12",
        "pvtsutils": "^1.3.2",
        "tslib": "^2.4.0",
        "webcrypto-core": "^1.7.4"
      }
    },
    "@tinyhttp/accepts": {
      "version": "2.0.6",
      "resolved": "https://registry.npmjs.org/@tinyhttp/accepts/-/accepts-2.0.6.tgz",
      "integrity": "sha512-oAdgnGIzYL0J1LPOThdREMACUA0TxhTonctiEmRMEVosCXurpDS5RATuBroQ5rWPxMuSv+ussur7bErHFUxeGw==",
      "requires": {
        "es-mime-types": "^0.1.4",
        "negotiator": "^0.6.2"
      }
    },
    "@tinyhttp/app": {
      "version": "2.0.22",
      "resolved": "https://registry.npmjs.org/@tinyhttp/app/-/app-2.0.22.tgz",
      "integrity": "sha512-OMFrQYRVi2bKUdPB63wkKUtBaNVTF3VCkvFS9sqUCs3SCAr9ZsT0zxM846M1nGeOx1KU4HTeXk9480qGYybOAQ==",
      "requires": {
        "@tinyhttp/cookie": "2.0.4",
        "@tinyhttp/proxy-addr": "2.0.4",
        "@tinyhttp/req": "2.0.13",
        "@tinyhttp/res": "2.0.17",
        "@tinyhttp/router": "2.0.5",
        "header-range-parser": "1.1.3",
        "regexparam": "^2.0.0"
      }
    },
    "@tinyhttp/content-disposition": {
      "version": "2.0.6",
      "resolved": "https://registry.npmjs.org/@tinyhttp/content-disposition/-/content-disposition-2.0.6.tgz",
      "integrity": "sha512-Xd3IW1Qh1voaWaf7rCx+jiq7S9AOpKo4kQduS5gdh7Nt3+ZfNhG5E4GBJlQnyHWD5/LRZa84U7X34Xdrto0IVQ=="
    },
    "@tinyhttp/cookie": {
      "version": "2.0.4",
      "resolved": "https://registry.npmjs.org/@tinyhttp/cookie/-/cookie-2.0.4.tgz",
      "integrity": "sha512-CqapJxVwoepY2r0XSDnDhZeV7aQhR1P+RiVFj3zg7w0doNepUmGcgnrSFYMuxYbd7SG0RtJ6skVG0s+9S0SUag=="
    },
    "@tinyhttp/cookie-signature": {
      "version": "2.0.4",
      "resolved": "https://registry.npmjs.org/@tinyhttp/cookie-signature/-/cookie-signature-2.0.4.tgz",
      "integrity": "sha512-QpldoF+4XIFbaNWSm2boKXh1O3AXPSZZYkma+B8JWG+HN37rp/6SRj9renqWpU/LNj7Qshar3DRevg3YPwHpiQ=="
    },
    "@tinyhttp/encode-url": {
      "version": "2.0.5",
      "resolved": "https://registry.npmjs.org/@tinyhttp/encode-url/-/encode-url-2.0.5.tgz",
      "integrity": "sha512-j0CHNTUB7hI5QTcRo5TXG6A4BrthuLE/p1qDOh2plGd21WTPMtMlq0MmfUJcelAxcQD3FIBt0TZBSepGzpdFww=="
    },
    "@tinyhttp/etag": {
      "version": "2.0.4",
      "resolved": "https://registry.npmjs.org/@tinyhttp/etag/-/etag-2.0.4.tgz",
      "integrity": "sha512-GqotnzpLdpvKNLGzKsmC2qqG0E4j4CosiVKcFXKPj7PvnJ5XCMbwCtRuCu0cTRjqrWIKUuBWFSNgc/aLCHuYrg=="
    },
    "@tinyhttp/forwarded": {
      "version": "2.0.4",
      "resolved": "https://registry.npmjs.org/@tinyhttp/forwarded/-/forwarded-2.0.4.tgz",
      "integrity": "sha512-HRSLYirUdjV2wr0neR4M1nxsO9inz4fheMjdqGYUDkw+axLxtNDreAXuSCDcWku43ovcM0Pbuj35Jrm0NKVYBw=="
    },
    "@tinyhttp/logger": {
      "version": "1.3.0",
      "resolved": "https://registry.npmjs.org/@tinyhttp/logger/-/logger-1.3.0.tgz",
      "integrity": "sha512-u8vbW8OEPur3ZlkJGNO+Nl/xw78cdIaDAcWMUEg7o3UY9L5xezMQcLBPX8ykJLEB+Yl+BDmTvt1s1LzkwM6mNQ==",
      "requires": {
        "colorette": "^1.2.2",
        "dayjs": "^1.10.4",
        "http-status-emojis": "^2.2.0"
      }
    },
    "@tinyhttp/proxy-addr": {
      "version": "2.0.4",
      "resolved": "https://registry.npmjs.org/@tinyhttp/proxy-addr/-/proxy-addr-2.0.4.tgz",
      "integrity": "sha512-PSPF2JplFrWjlizrn+7eQKBQrK2v7rk3wvPkUriKZuo5On2NDIOuM82eDsvg2X7yqYAK+/rRqq1BZHvS5oBong==",
      "requires": {
        "@tinyhttp/forwarded": "2.0.4",
        "ipaddr.js": "^2.0.1"
      }
    },
    "@tinyhttp/req": {
      "version": "2.0.13",
      "resolved": "https://registry.npmjs.org/@tinyhttp/req/-/req-2.0.13.tgz",
      "integrity": "sha512-vRyRqHUwABynXnNBGAgHBT2VZ+zDIjhmzLEtW1F23qgxmbhc7PhOR/9sPo/jdSLgpY2yxMbWqDyMR1Lka++JZw==",
      "requires": {
        "@tinyhttp/accepts": "2.0.6",
        "@tinyhttp/type-is": "2.0.5",
        "@tinyhttp/url": "2.0.6",
        "es-fresh": "^0.0.10",
        "header-range-parser": "^1.1.3"
      }
    },
    "@tinyhttp/res": {
      "version": "2.0.17",
      "resolved": "https://registry.npmjs.org/@tinyhttp/res/-/res-2.0.17.tgz",
      "integrity": "sha512-gMOwCPNk6w5IvO9HcP+CuGQ1xGxbL26EuUytZ6mdJP2KHl2TT4nuNkJkGnaMLiKTlOGnX/+5h+HgKlqStQyzeA==",
      "requires": {
        "@tinyhttp/content-disposition": "2.0.6",
        "@tinyhttp/cookie": "2.0.4",
        "@tinyhttp/cookie-signature": "2.0.4",
        "@tinyhttp/encode-url": "2.0.5",
        "@tinyhttp/req": "2.0.13",
        "@tinyhttp/send": "2.0.5",
        "es-escape-html": "^0.1.1",
        "es-mime-types": "^0.1.4",
        "es-vary": "^0.1.1"
      }
    },
    "@tinyhttp/router": {
      "version": "2.0.5",
      "resolved": "https://registry.npmjs.org/@tinyhttp/router/-/router-2.0.5.tgz",
      "integrity": "sha512-1YWmq61aae3fcZfqUMNSj1soCpdoPP8SDbfwsDy8RgZRG/OtNeifCmTN5+ukvxuSzGAuHBmn/c0qTQ3ECwMFrQ=="
    },
    "@tinyhttp/send": {
      "version": "2.0.5",
      "resolved": "https://registry.npmjs.org/@tinyhttp/send/-/send-2.0.5.tgz",
      "integrity": "sha512-rVAa6bwPj03/npjwNO8xKDuoLE6qF4lN8QGinezznoDwjKtH3B+QwC14BFb65BXAAMajpgST4x3AKdb4khRqAw==",
      "requires": {
        "@tinyhttp/etag": "2.0.4",
        "es-content-type": "^0.1.0",
        "es-mime-types": "^0.1.4"
      }
    },
    "@tinyhttp/type-is": {
      "version": "2.0.5",
      "resolved": "https://registry.npmjs.org/@tinyhttp/type-is/-/type-is-2.0.5.tgz",
      "integrity": "sha512-X8CPx6iDkjZ51TN1uurpLdzv1jaOiW1ZlBpla2skZu+/pCMDZ8tQnyfbibYYM6hi0IPAnL+YXv4pDTIgFcbL7g==",
      "requires": {
        "es-content-type": "^0.1.0",
        "es-mime-types": "^0.1.4"
      }
    },
    "@tinyhttp/url": {
      "version": "2.0.6",
      "resolved": "https://registry.npmjs.org/@tinyhttp/url/-/url-2.0.6.tgz",
      "integrity": "sha512-NIWvR4NjcoUqWFkHZqfWmrncCIyxOwErn1bKfZVgV6xJLI5MUwAgL8B2ziU8W9ghVKiTh5dJU4p9lZVL550M5w=="
    },
    "asn1js": {
      "version": "3.0.5",
      "resolved": "https://registry.npmjs.org/asn1js/-/asn1js-3.0.5.tgz",
      "integrity": "sha512-FVnvrKJwpt9LP2lAMl8qZswRNm3T4q9CON+bxldk2iwk3FFpuwhx2FfinyitizWHsVYyaY+y5JzDR0rCMV5yTQ==",
      "requires": {
        "pvtsutils": "^1.3.2",
        "pvutils": "^1.1.3",
        "tslib": "^2.4.0"
      }
    },
    "builtins": {
      "version": "4.1.0",
      "resolved": "https://registry.npmjs.org/builtins/-/builtins-4.1.0.tgz",
      "integrity": "sha512-1bPRZQtmKaO6h7qV1YHXNtr6nCK28k0Zo95KM4dXfILcZZwoHJBN1m3lfLv9LPkcOZlrSr+J1bzMaZFO98Yq0w==",
      "requires": {
        "semver": "^7.0.0"
      }
    },
    "colorette": {
      "version": "1.4.0",
      "resolved": "https://registry.npmjs.org/colorette/-/colorette-1.4.0.tgz",
      "integrity": "sha512-Y2oEozpomLn7Q3HFP7dpww7AtMJplbM9lGZP6RDfHqmbeRjiwRg4n6VM6j4KLmRke85uWEI7JqF17f3pqdRA0g=="
    },
    "dayjs": {
      "version": "1.11.5",
      "resolved": "https://registry.npmjs.org/dayjs/-/dayjs-1.11.5.tgz",
      "integrity": "sha512-CAdX5Q3YW3Gclyo5Vpqkgpj8fSdLQcRuzfX6mC6Phy0nfJ0eGYOeS7m4mt2plDWLAtA4TqTakvbboHvUxfe4iA=="
    },
    "es-content-type": {
      "version": "0.1.0",
      "resolved": "https://registry.npmjs.org/es-content-type/-/es-content-type-0.1.0.tgz",
      "integrity": "sha512-DqWU9pSzhNlO10q+NQ/KebImLkKbwbcy0pSv3hNQfEpKFHsrqDJz2vajpZdq7nkiG9DoJcTh22oHGymp7XJd9g=="
    },
    "es-escape-html": {
      "version": "0.1.1",
      "resolved": "https://registry.npmjs.org/es-escape-html/-/es-escape-html-0.1.1.tgz",
      "integrity": "sha512-yUx1o+8RsG7UlszmYPtks+dm6Lho2m8lgHMOsLJQsFI0R8XwUJwiMhM1M4E/S8QLeGyf6MkDV/pWgjQ0tdTSyQ=="
    },
    "es-fresh": {
      "version": "0.0.10",
      "resolved": "https://registry.npmjs.org/es-fresh/-/es-fresh-0.0.10.tgz",
      "integrity": "sha512-/e5etUqtxj7JktALldpsDNC84DOHavN9PqojnTTGeX1M2/Q4/SF8d55d7AsB3n66WYS43hdBbn0sAllto5kSIg=="
    },
    "es-mime-types": {
      "version": "0.1.4",
      "resolved": "https://registry.npmjs.org/es-mime-types/-/es-mime-types-0.1.4.tgz",
      "integrity": "sha512-rUrmfrUIHU/4ykYB+YH80LDiSpmn6sE/A9E8EsFZP4LCtf/PH+ju6d6goFJ8fsGf81pRtQn1cJSmp8JGA9YkfQ==",
      "requires": {
        "mime-db": "^1.50.0"
      }
    },
    "es-vary": {
      "version": "0.1.2",
      "resolved": "https://registry.npmjs.org/es-vary/-/es-vary-0.1.2.tgz",
      "integrity": "sha512-pLqqZoOutAXQXyBJrUYVNM5fZngiOJYi1Xl4svQMrluTsqDUOQlBMw9EYgLrsWL6niDYn/Yd1y2Pj6GC+j/yjA=="
    },
    "header-range-parser": {
      "version": "1.1.3",
      "resolved": "https://registry.npmjs.org/header-range-parser/-/header-range-parser-1.1.3.tgz",
      "integrity": "sha512-B9zCFt3jH8g09LR1vHL4pcAn8yMEtlSlOUdQemzHMRKMImNIhhszdeosYFfNW0WXKQtXIlWB+O4owHJKvEJYaA=="
    },
    "http-status-emojis": {
      "version": "2.2.0",
      "resolved": "https://registry.npmjs.org/http-status-emojis/-/http-status-emojis-2.2.0.tgz",
      "integrity": "sha512-ompKtgwpx8ff0hsbpIB7oE4ax1LXoHmftsHHStMELX56ivG3GhofTX8ZHWlUaFKfGjcGjw6G3rPk7dJRXMmbbg=="
    },
    "import-meta-resolve": {
      "version": "1.1.1",
      "resolved": "https://registry.npmjs.org/import-meta-resolve/-/import-meta-resolve-1.1.1.tgz",
      "integrity": "sha512-JiTuIvVyPaUg11eTrNDx5bgQ/yMKMZffc7YSjvQeSMXy58DO2SQ8BtAf3xteZvmzvjYh14wnqNjL8XVeDy2o9A==",
      "requires": {
        "builtins": "^4.0.0"
      }
    },
    "ipaddr.js": {
      "version": "2.0.1",
      "resolved": "https://registry.npmjs.org/ipaddr.js/-/ipaddr.js-2.0.1.tgz",
      "integrity": "sha512-1qTgH9NG+IIJ4yfKs2e6Pp1bZg8wbDbKHT21HrLIeYBTRLgMYKnMTPAuI3Lcs61nfx5h1xlXnbJtH1kX5/d/ng=="
    },
    "lru-cache": {
      "version": "6.0.0",
      "resolved": "https://registry.npmjs.org/lru-cache/-/lru-cache-6.0.0.tgz",
      "integrity": "sha512-Jo6dJ04CmSjuznwJSS3pUeWmd/H0ffTlkXXgwZi+eq1UCmqQwCh+eLsYOYCwY991i2Fah4h1BEMCx4qThGbsiA==",
      "requires": {
        "yallist": "^4.0.0"
      }
    },
    "milliparsec": {
      "version": "2.2.2",
      "resolved": "https://registry.npmjs.org/milliparsec/-/milliparsec-2.2.2.tgz",
      "integrity": "sha512-TvAwN6RwLpdeY8+ly4JHxC8fTE5wS1rpg3BpltJd9W7oiY4yZtlCsfIXeLw493p3+9ihpTtvQ6ovnTp3o11wyQ=="
    },
    "mime-db": {
      "version": "1.52.0",
      "resolved": "https://registry.npmjs.org/mime-db/-/mime-db-1.52.0.tgz",
      "integrity": "sha512-sPU4uV7dYlvtWJxwwxHD0PuihVNiE7TyAbQ5SWxDCB9mUYvOgroQOwYQQOKPJ8CIbE+1ETVlOoK1UC2nU3gYvg=="
    },
    "nbb": {
      "version": "0.7.132",
      "resolved": "https://registry.npmjs.org/nbb/-/nbb-0.7.132.tgz",
      "integrity": "sha512-bl955apSrQqRzqap+5QEUCFAFMGwTsAeybb410RhzBv+qD/JkU4iHB2ZNJ4h3wfJa9rknb1UwaNCQvx9md1Jsg==",
      "requires": {
        "import-meta-resolve": "^1.1.1"
      }
    },
    "negotiator": {
      "version": "0.6.3",
      "resolved": "https://registry.npmjs.org/negotiator/-/negotiator-0.6.3.tgz",
      "integrity": "sha512-+EUsqGPLsM+j/zdChZjsnX51g4XrHFOIXwfnCVPGlQk/k5giakcKsuxCObBRu6DSm9opw/O6slWbJdghQM4bBg=="
    },
    "pvtsutils": {
      "version": "1.3.2",
      "resolved": "https://registry.npmjs.org/pvtsutils/-/pvtsutils-1.3.2.tgz",
      "integrity": "sha512-+Ipe2iNUyrZz+8K/2IOo+kKikdtfhRKzNpQbruF2URmqPtoqAs8g3xS7TJvFF2GcPXjh7DkqMnpVveRFq4PgEQ==",
      "requires": {
        "tslib": "^2.4.0"
      }
    },
    "pvutils": {
      "version": "1.1.3",
      "resolved": "https://registry.npmjs.org/pvutils/-/pvutils-1.1.3.tgz",
      "integrity": "sha512-pMpnA0qRdFp32b1sJl1wOJNxZLQ2cbQx+k6tjNtZ8CpvVhNqEPRgivZ2WOUev2YMajecdH7ctUPDvEe87nariQ=="
    },
    "regexparam": {
      "version": "2.0.1",
      "resolved": "https://registry.npmjs.org/regexparam/-/regexparam-2.0.1.tgz",
      "integrity": "sha512-zRgSaYemnNYxUv+/5SeoHI0eJIgTL/A2pUtXUPLHQxUldagouJ9p+K6IbIZ/JiQuCEv2E2B1O11SjVQy3aMCkw=="
    },
    "semver": {
      "version": "7.3.7",
      "resolved": "https://registry.npmjs.org/semver/-/semver-7.3.7.tgz",
      "integrity": "sha512-QlYTucUYOews+WeEujDoEGziz4K6c47V/Bd+LjSSYcA94p+DmINdf7ncaUinThfvZyu13lN9OY1XDxt8C0Tw0g==",
      "requires": {
        "lru-cache": "^6.0.0"
      }
    },
    "tslib": {
      "version": "2.4.0",
      "resolved": "https://registry.npmjs.org/tslib/-/tslib-2.4.0.tgz",
      "integrity": "sha512-d6xOpEDfsi2CZVlPQzGeux8XMwLT9hssAsaPYExaQMuYskwb+x1x7J371tWlbBdWHroy99KnVB6qIkUbs5X3UQ=="
    },
    "webcrypto-core": {
      "version": "1.7.5",
      "resolved": "https://registry.npmjs.org/webcrypto-core/-/webcrypto-core-1.7.5.tgz",
      "integrity": "sha512-gaExY2/3EHQlRNNNVSrbG2Cg94Rutl7fAaKILS1w8ZDhGxdFOaw6EbCfHIxPy9vt/xwp5o0VQAx9aySPF6hU1A==",
      "requires": {
        "@peculiar/asn1-schema": "^2.1.6",
        "@peculiar/json-schema": "^1.1.12",
        "asn1js": "^3.0.1",
        "pvtsutils": "^1.3.2",
        "tslib": "^2.4.0"
      }
    },
    "yallist": {
      "version": "4.0.0",
      "resolved": "https://registry.npmjs.org/yallist/-/yallist-4.0.0.tgz",
      "integrity": "sha512-3wdGidZyq5PB084XLES5TpOSRA3wjXAlIWMhum2kRcv/41Sn2emQ0dycQW4uZXLejwKvg6EsvbdlVL+FYEct7A=="
    }
  }
}
