{
  "name": "ok2cry",
  "lockfileVersion": 2,
  "requires": true,
  "packages": {
    "": {
      "dependencies": {
        "nbb": "^0.5.104"
      },
      "devDependencies": {
        "@tinyhttp/app": "^2.0.22",
        "milliparsec": "^2.2.2"
      }
    },
    "node_modules/@tinyhttp/accepts": {
      "version": "2.0.6",
      "resolved": "https://registry.npmjs.org/@tinyhttp/accepts/-/accepts-2.0.6.tgz",
      "integrity": "sha512-oAdgnGIzYL0J1LPOThdREMACUA0TxhTonctiEmRMEVosCXurpDS5RATuBroQ5rWPxMuSv+ussur7bErHFUxeGw==",
      "dev": true,
      "dependencies": {
        "es-mime-types": "^0.1.4",
        "negotiator": "^0.6.2"
      },
      "engines": {
        "node": ">=12.4.0"
      },
      "funding": {
        "type": "individual",
        "url": "https://github.com/tinyhttp/tinyhttp?sponsor=1"
      }
    },
    "node_modules/@tinyhttp/app": {
      "version": "2.0.22",
      "resolved": "https://registry.npmjs.org/@tinyhttp/app/-/app-2.0.22.tgz",
      "integrity": "sha512-OMFrQYRVi2bKUdPB63wkKUtBaNVTF3VCkvFS9sqUCs3SCAr9ZsT0zxM846M1nGeOx1KU4HTeXk9480qGYybOAQ==",
      "dev": true,
      "dependencies": {
        "@tinyhttp/cookie": "2.0.4",
        "@tinyhttp/proxy-addr": "2.0.4",
        "@tinyhttp/req": "2.0.13",
        "@tinyhttp/res": "2.0.17",
        "@tinyhttp/router": "2.0.5",
        "header-range-parser": "1.1.3",
        "regexparam": "^2.0.0"
      },
      "engines": {
        "node": ">=12.x"
      },
      "funding": {
        "type": "individual",
        "url": "https://github.com/tinyhttp/tinyhttp?sponsor=1"
      }
    },
    "node_modules/@tinyhttp/content-disposition": {
      "version": "2.0.6",
      "resolved": "https://registry.npmjs.org/@tinyhttp/content-disposition/-/content-disposition-2.0.6.tgz",
      "integrity": "sha512-Xd3IW1Qh1voaWaf7rCx+jiq7S9AOpKo4kQduS5gdh7Nt3+ZfNhG5E4GBJlQnyHWD5/LRZa84U7X34Xdrto0IVQ==",
      "dev": true,
      "engines": {
        "node": ">=12.4.0"
      },
      "funding": {
        "type": "individual",
        "url": "https://github.com/tinyhttp/tinyhttp?sponsor=1"
      }
    },
    "node_modules/@tinyhttp/cookie": {
      "version": "2.0.4",
      "resolved": "https://registry.npmjs.org/@tinyhttp/cookie/-/cookie-2.0.4.tgz",
      "integrity": "sha512-CqapJxVwoepY2r0XSDnDhZeV7aQhR1P+RiVFj3zg7w0doNepUmGcgnrSFYMuxYbd7SG0RtJ6skVG0s+9S0SUag==",
      "dev": true,
      "engines": {
        "node": ">=12.4.0"
      },
      "funding": {
        "type": "individual",
        "url": "https://github.com/tinyhttp/tinyhttp?sponsor=1"
      }
    },
    "node_modules/@tinyhttp/cookie-signature": {
      "version": "2.0.4",
      "resolved": "https://registry.npmjs.org/@tinyhttp/cookie-signature/-/cookie-signature-2.0.4.tgz",
      "integrity": "sha512-QpldoF+4XIFbaNWSm2boKXh1O3AXPSZZYkma+B8JWG+HN37rp/6SRj9renqWpU/LNj7Qshar3DRevg3YPwHpiQ==",
      "dev": true,
      "engines": {
        "node": ">=12.4.0"
      }
    },
    "node_modules/@tinyhttp/encode-url": {
      "version": "2.0.5",
      "resolved": "https://registry.npmjs.org/@tinyhttp/encode-url/-/encode-url-2.0.5.tgz",
      "integrity": "sha512-j0CHNTUB7hI5QTcRo5TXG6A4BrthuLE/p1qDOh2plGd21WTPMtMlq0MmfUJcelAxcQD3FIBt0TZBSepGzpdFww==",
      "dev": true,
      "engines": {
        "node": ">=12.4.0"
      }
    },
    "node_modules/@tinyhttp/etag": {
      "version": "2.0.4",
      "resolved": "https://registry.npmjs.org/@tinyhttp/etag/-/etag-2.0.4.tgz",
      "integrity": "sha512-GqotnzpLdpvKNLGzKsmC2qqG0E4j4CosiVKcFXKPj7PvnJ5XCMbwCtRuCu0cTRjqrWIKUuBWFSNgc/aLCHuYrg==",
      "dev": true,
      "engines": {
        "node": ">=12.4.0"
      }
    },
    "node_modules/@tinyhttp/forwarded": {
      "version": "2.0.4",
      "resolved": "https://registry.npmjs.org/@tinyhttp/forwarded/-/forwarded-2.0.4.tgz",
      "integrity": "sha512-HRSLYirUdjV2wr0neR4M1nxsO9inz4fheMjdqGYUDkw+axLxtNDreAXuSCDcWku43ovcM0Pbuj35Jrm0NKVYBw==",
      "dev": true,
      "engines": {
        "node": ">=12.4.0"
      }
    },
    "node_modules/@tinyhttp/proxy-addr": {
      "version": "2.0.4",
      "resolved": "https://registry.npmjs.org/@tinyhttp/proxy-addr/-/proxy-addr-2.0.4.tgz",
      "integrity": "sha512-PSPF2JplFrWjlizrn+7eQKBQrK2v7rk3wvPkUriKZuo5On2NDIOuM82eDsvg2X7yqYAK+/rRqq1BZHvS5oBong==",
      "dev": true,
      "dependencies": {
        "@tinyhttp/forwarded": "2.0.4",
        "ipaddr.js": "^2.0.1"
      },
      "engines": {
        "node": ">=12.4.0"
      }
    },
    "node_modules/@tinyhttp/req": {
      "version": "2.0.13",
      "resolved": "https://registry.npmjs.org/@tinyhttp/req/-/req-2.0.13.tgz",
      "integrity": "sha512-vRyRqHUwABynXnNBGAgHBT2VZ+zDIjhmzLEtW1F23qgxmbhc7PhOR/9sPo/jdSLgpY2yxMbWqDyMR1Lka++JZw==",
      "dev": true,
      "dependencies": {
        "@tinyhttp/accepts": "2.0.6",
        "@tinyhttp/type-is": "2.0.5",
        "@tinyhttp/url": "2.0.6",
        "es-fresh": "^0.0.10",
        "header-range-parser": "^1.1.3"
      },
      "engines": {
        "node": ">=12.4.0"
      }
    },
    "node_modules/@tinyhttp/res": {
      "version": "2.0.17",
      "resolved": "https://registry.npmjs.org/@tinyhttp/res/-/res-2.0.17.tgz",
      "integrity": "sha512-gMOwCPNk6w5IvO9HcP+CuGQ1xGxbL26EuUytZ6mdJP2KHl2TT4nuNkJkGnaMLiKTlOGnX/+5h+HgKlqStQyzeA==",
      "dev": true,
      "dependencies": {
        "@tinyhttp/content-disposition": "2.0.6",
        "@tinyhttp/cookie": "2.0.4",
        "@tinyhttp/cookie-signature": "2.0.4",
        "@tinyhttp/encode-url": "2.0.5",
        "@tinyhttp/req": "2.0.13",
        "@tinyhttp/send": "2.0.5",
        "es-escape-html": "^0.1.1",
        "es-mime-types": "^0.1.4",
        "es-vary": "^0.1.1"
      },
      "engines": {
        "node": ">=12.4.0"
      }
    },
    "node_modules/@tinyhttp/router": {
      "version": "2.0.5",
      "resolved": "https://registry.npmjs.org/@tinyhttp/router/-/router-2.0.5.tgz",
      "integrity": "sha512-1YWmq61aae3fcZfqUMNSj1soCpdoPP8SDbfwsDy8RgZRG/OtNeifCmTN5+ukvxuSzGAuHBmn/c0qTQ3ECwMFrQ==",
      "dev": true,
      "engines": {
        "node": ">=12.4.0"
      }
    },
    "node_modules/@tinyhttp/send": {
      "version": "2.0.5",
      "resolved": "https://registry.npmjs.org/@tinyhttp/send/-/send-2.0.5.tgz",
      "integrity": "sha512-rVAa6bwPj03/npjwNO8xKDuoLE6qF4lN8QGinezznoDwjKtH3B+QwC14BFb65BXAAMajpgST4x3AKdb4khRqAw==",
      "dev": true,
      "dependencies": {
        "@tinyhttp/etag": "2.0.4",
        "es-content-type": "^0.1.0",
        "es-mime-types": "^0.1.4"
      },
      "engines": {
        "node": ">=12.4.0"
      }
    },
    "node_modules/@tinyhttp/type-is": {
      "version": "2.0.5",
      "resolved": "https://registry.npmjs.org/@tinyhttp/type-is/-/type-is-2.0.5.tgz",
      "integrity": "sha512-X8CPx6iDkjZ51TN1uurpLdzv1jaOiW1ZlBpla2skZu+/pCMDZ8tQnyfbibYYM6hi0IPAnL+YXv4pDTIgFcbL7g==",
      "dev": true,
      "dependencies": {
        "es-content-type": "^0.1.0",
        "es-mime-types": "^0.1.4"
      },
      "engines": {
        "node": ">=12.4.0"
      }
    },
    "node_modules/@tinyhttp/url": {
      "version": "2.0.6",
      "resolved": "https://registry.npmjs.org/@tinyhttp/url/-/url-2.0.6.tgz",
      "integrity": "sha512-NIWvR4NjcoUqWFkHZqfWmrncCIyxOwErn1bKfZVgV6xJLI5MUwAgL8B2ziU8W9ghVKiTh5dJU4p9lZVL550M5w==",
      "dev": true,
      "engines": {
        "node": ">=12.4.0"
      }
    },
    "node_modules/builtins": {
      "version": "4.1.0",
      "resolved": "https://registry.npmjs.org/builtins/-/builtins-4.1.0.tgz",
      "integrity": "sha512-1bPRZQtmKaO6h7qV1YHXNtr6nCK28k0Zo95KM4dXfILcZZwoHJBN1m3lfLv9LPkcOZlrSr+J1bzMaZFO98Yq0w==",
      "dependencies": {
        "semver": "^7.0.0"
      }
    },
    "node_modules/es-content-type": {
      "version": "0.1.0",
      "resolved": "https://registry.npmjs.org/es-content-type/-/es-content-type-0.1.0.tgz",
      "integrity": "sha512-DqWU9pSzhNlO10q+NQ/KebImLkKbwbcy0pSv3hNQfEpKFHsrqDJz2vajpZdq7nkiG9DoJcTh22oHGymp7XJd9g==",
      "dev": true,
      "engines": {
        "node": ">=12.x"
      }
    },
    "node_modules/es-escape-html": {
      "version": "0.1.1",
      "resolved": "https://registry.npmjs.org/es-escape-html/-/es-escape-html-0.1.1.tgz",
      "integrity": "sha512-yUx1o+8RsG7UlszmYPtks+dm6Lho2m8lgHMOsLJQsFI0R8XwUJwiMhM1M4E/S8QLeGyf6MkDV/pWgjQ0tdTSyQ==",
      "dev": true,
      "engines": {
        "node": ">=12.x"
      }
    },
    "node_modules/es-fresh": {
      "version": "0.0.10",
      "resolved": "https://registry.npmjs.org/es-fresh/-/es-fresh-0.0.10.tgz",
      "integrity": "sha512-/e5etUqtxj7JktALldpsDNC84DOHavN9PqojnTTGeX1M2/Q4/SF8d55d7AsB3n66WYS43hdBbn0sAllto5kSIg==",
      "dev": true,
      "engines": {
        "node": ">=12.x"
      }
    },
    "node_modules/es-mime-types": {
      "version": "0.1.4",
      "resolved": "https://registry.npmjs.org/es-mime-types/-/es-mime-types-0.1.4.tgz",
      "integrity": "sha512-rUrmfrUIHU/4ykYB+YH80LDiSpmn6sE/A9E8EsFZP4LCtf/PH+ju6d6goFJ8fsGf81pRtQn1cJSmp8JGA9YkfQ==",
      "dev": true,
      "dependencies": {
        "mime-db": "^1.50.0"
      },
      "engines": {
        "node": ">=12.x"
      }
    },
    "node_modules/es-vary": {
      "version": "0.1.2",
      "resolved": "https://registry.npmjs.org/es-vary/-/es-vary-0.1.2.tgz",
      "integrity": "sha512-pLqqZoOutAXQXyBJrUYVNM5fZngiOJYi1Xl4svQMrluTsqDUOQlBMw9EYgLrsWL6niDYn/Yd1y2Pj6GC+j/yjA==",
      "dev": true,
      "engines": {
        "node": ">=12.x"
      }
    },
    "node_modules/header-range-parser": {
      "version": "1.1.3",
      "resolved": "https://registry.npmjs.org/header-range-parser/-/header-range-parser-1.1.3.tgz",
      "integrity": "sha512-B9zCFt3jH8g09LR1vHL4pcAn8yMEtlSlOUdQemzHMRKMImNIhhszdeosYFfNW0WXKQtXIlWB+O4owHJKvEJYaA==",
      "dev": true,
      "engines": {
        "node": ">=12.22.0"
      }
    },
    "node_modules/import-meta-resolve": {
      "version": "1.1.1",
      "resolved": "https://registry.npmjs.org/import-meta-resolve/-/import-meta-resolve-1.1.1.tgz",
      "integrity": "sha512-JiTuIvVyPaUg11eTrNDx5bgQ/yMKMZffc7YSjvQeSMXy58DO2SQ8BtAf3xteZvmzvjYh14wnqNjL8XVeDy2o9A==",
      "dependencies": {
        "builtins": "^4.0.0"
      },
      "funding": {
        "type": "github",
        "url": "https://github.com/sponsors/wooorm"
      }
    },
    "node_modules/ipaddr.js": {
      "version": "2.0.1",
      "resolved": "https://registry.npmjs.org/ipaddr.js/-/ipaddr.js-2.0.1.tgz",
      "integrity": "sha512-1qTgH9NG+IIJ4yfKs2e6Pp1bZg8wbDbKHT21HrLIeYBTRLgMYKnMTPAuI3Lcs61nfx5h1xlXnbJtH1kX5/d/ng==",
      "dev": true,
      "engines": {
        "node": ">= 10"
      }
    },
    "node_modules/lru-cache": {
      "version": "6.0.0",
      "resolved": "https://registry.npmjs.org/lru-cache/-/lru-cache-6.0.0.tgz",
      "integrity": "sha512-Jo6dJ04CmSjuznwJSS3pUeWmd/H0ffTlkXXgwZi+eq1UCmqQwCh+eLsYOYCwY991i2Fah4h1BEMCx4qThGbsiA==",
      "dependencies": {
        "yallist": "^4.0.0"
      },
      "engines": {
        "node": ">=10"
      }
    },
    "node_modules/milliparsec": {
      "version": "2.2.2",
      "resolved": "https://registry.npmjs.org/milliparsec/-/milliparsec-2.2.2.tgz",
      "integrity": "sha512-TvAwN6RwLpdeY8+ly4JHxC8fTE5wS1rpg3BpltJd9W7oiY4yZtlCsfIXeLw493p3+9ihpTtvQ6ovnTp3o11wyQ==",
      "dev": true,
      "engines": {
        "node": ">=12.4"
      }
    },
    "node_modules/mime-db": {
      "version": "1.52.0",
      "resolved": "https://registry.npmjs.org/mime-db/-/mime-db-1.52.0.tgz",
      "integrity": "sha512-sPU4uV7dYlvtWJxwwxHD0PuihVNiE7TyAbQ5SWxDCB9mUYvOgroQOwYQQOKPJ8CIbE+1ETVlOoK1UC2nU3gYvg==",
      "dev": true,
      "engines": {
        "node": ">= 0.6"
      }
    },
    "node_modules/nbb": {
      "version": "0.5.120",
      "resolved": "https://registry.npmjs.org/nbb/-/nbb-0.5.120.tgz",
      "integrity": "sha512-vZ51SHcD9Bk1oYTWm5PFoiYjPpOOMi0q0wSgA3z8cczh0703un5UdwI0hGwDLcMFRd1PgLgCVe8LV7mfckd/6g==",
      "dependencies": {
        "import-meta-resolve": "^1.1.1"
      },
      "bin": {
        "nbb": "lib/nbb_main.js"
      }
    },
    "node_modules/negotiator": {
      "version": "0.6.3",
      "resolved": "https://registry.npmjs.org/negotiator/-/negotiator-0.6.3.tgz",
      "integrity": "sha512-+EUsqGPLsM+j/zdChZjsnX51g4XrHFOIXwfnCVPGlQk/k5giakcKsuxCObBRu6DSm9opw/O6slWbJdghQM4bBg==",
      "dev": true,
      "engines": {
        "node": ">= 0.6"
      }
    },
    "node_modules/regexparam": {
      "version": "2.0.1",
      "resolved": "https://registry.npmjs.org/regexparam/-/regexparam-2.0.1.tgz",
      "integrity": "sha512-zRgSaYemnNYxUv+/5SeoHI0eJIgTL/A2pUtXUPLHQxUldagouJ9p+K6IbIZ/JiQuCEv2E2B1O11SjVQy3aMCkw==",
      "dev": true,
      "engines": {
        "node": ">=8"
      }
    },
    "node_modules/semver": {
      "version": "7.3.7",
      "resolved": "https://registry.npmjs.org/semver/-/semver-7.3.7.tgz",
      "integrity": "sha512-QlYTucUYOews+WeEujDoEGziz4K6c47V/Bd+LjSSYcA94p+DmINdf7ncaUinThfvZyu13lN9OY1XDxt8C0Tw0g==",
      "dependencies": {
        "lru-cache": "^6.0.0"
      },
      "bin": {
        "semver": "bin/semver.js"
      },
      "engines": {
        "node": ">=10"
      }
    },
    "node_modules/yallist": {
      "version": "4.0.0",
      "resolved": "https://registry.npmjs.org/yallist/-/yallist-4.0.0.tgz",
      "integrity": "sha512-3wdGidZyq5PB084XLES5TpOSRA3wjXAlIWMhum2kRcv/41Sn2emQ0dycQW4uZXLejwKvg6EsvbdlVL+FYEct7A=="
    }
  },
  "dependencies": {
    "@tinyhttp/accepts": {
      "version": "2.0.6",
      "resolved": "https://registry.npmjs.org/@tinyhttp/accepts/-/accepts-2.0.6.tgz",
      "integrity": "sha512-oAdgnGIzYL0J1LPOThdREMACUA0TxhTonctiEmRMEVosCXurpDS5RATuBroQ5rWPxMuSv+ussur7bErHFUxeGw==",
      "dev": true,
      "requires": {
        "es-mime-types": "^0.1.4",
        "negotiator": "^0.6.2"
      }
    },
    "@tinyhttp/app": {
      "version": "2.0.22",
      "resolved": "https://registry.npmjs.org/@tinyhttp/app/-/app-2.0.22.tgz",
      "integrity": "sha512-OMFrQYRVi2bKUdPB63wkKUtBaNVTF3VCkvFS9sqUCs3SCAr9ZsT0zxM846M1nGeOx1KU4HTeXk9480qGYybOAQ==",
      "dev": true,
      "requires": {
        "@tinyhttp/cookie": "2.0.4",
        "@tinyhttp/proxy-addr": "2.0.4",
        "@tinyhttp/req": "2.0.13",
        "@tinyhttp/res": "2.0.17",
        "@tinyhttp/router": "2.0.5",
        "header-range-parser": "1.1.3",
        "regexparam": "^2.0.0"
      }
    },
    "@tinyhttp/content-disposition": {
      "version": "2.0.6",
      "resolved": "https://registry.npmjs.org/@tinyhttp/content-disposition/-/content-disposition-2.0.6.tgz",
      "integrity": "sha512-Xd3IW1Qh1voaWaf7rCx+jiq7S9AOpKo4kQduS5gdh7Nt3+ZfNhG5E4GBJlQnyHWD5/LRZa84U7X34Xdrto0IVQ==",
      "dev": true
    },
    "@tinyhttp/cookie": {
      "version": "2.0.4",
      "resolved": "https://registry.npmjs.org/@tinyhttp/cookie/-/cookie-2.0.4.tgz",
      "integrity": "sha512-CqapJxVwoepY2r0XSDnDhZeV7aQhR1P+RiVFj3zg7w0doNepUmGcgnrSFYMuxYbd7SG0RtJ6skVG0s+9S0SUag==",
      "dev": true
    },
    "@tinyhttp/cookie-signature": {
      "version": "2.0.4",
      "resolved": "https://registry.npmjs.org/@tinyhttp/cookie-signature/-/cookie-signature-2.0.4.tgz",
      "integrity": "sha512-QpldoF+4XIFbaNWSm2boKXh1O3AXPSZZYkma+B8JWG+HN37rp/6SRj9renqWpU/LNj7Qshar3DRevg3YPwHpiQ==",
      "dev": true
    },
    "@tinyhttp/encode-url": {
      "version": "2.0.5",
      "resolved": "https://registry.npmjs.org/@tinyhttp/encode-url/-/encode-url-2.0.5.tgz",
      "integrity": "sha512-j0CHNTUB7hI5QTcRo5TXG6A4BrthuLE/p1qDOh2plGd21WTPMtMlq0MmfUJcelAxcQD3FIBt0TZBSepGzpdFww==",
      "dev": true
    },
    "@tinyhttp/etag": {
      "version": "2.0.4",
      "resolved": "https://registry.npmjs.org/@tinyhttp/etag/-/etag-2.0.4.tgz",
      "integrity": "sha512-GqotnzpLdpvKNLGzKsmC2qqG0E4j4CosiVKcFXKPj7PvnJ5XCMbwCtRuCu0cTRjqrWIKUuBWFSNgc/aLCHuYrg==",
      "dev": true
    },
    "@tinyhttp/forwarded": {
      "version": "2.0.4",
      "resolved": "https://registry.npmjs.org/@tinyhttp/forwarded/-/forwarded-2.0.4.tgz",
      "integrity": "sha512-HRSLYirUdjV2wr0neR4M1nxsO9inz4fheMjdqGYUDkw+axLxtNDreAXuSCDcWku43ovcM0Pbuj35Jrm0NKVYBw==",
      "dev": true
    },
    "@tinyhttp/proxy-addr": {
      "version": "2.0.4",
      "resolved": "https://registry.npmjs.org/@tinyhttp/proxy-addr/-/proxy-addr-2.0.4.tgz",
      "integrity": "sha512-PSPF2JplFrWjlizrn+7eQKBQrK2v7rk3wvPkUriKZuo5On2NDIOuM82eDsvg2X7yqYAK+/rRqq1BZHvS5oBong==",
      "dev": true,
      "requires": {
        "@tinyhttp/forwarded": "2.0.4",
        "ipaddr.js": "^2.0.1"
      }
    },
    "@tinyhttp/req": {
      "version": "2.0.13",
      "resolved": "https://registry.npmjs.org/@tinyhttp/req/-/req-2.0.13.tgz",
      "integrity": "sha512-vRyRqHUwABynXnNBGAgHBT2VZ+zDIjhmzLEtW1F23qgxmbhc7PhOR/9sPo/jdSLgpY2yxMbWqDyMR1Lka++JZw==",
      "dev": true,
      "requires": {
        "@tinyhttp/accepts": "2.0.6",
        "@tinyhttp/type-is": "2.0.5",
        "@tinyhttp/url": "2.0.6",
        "es-fresh": "^0.0.10",
        "header-range-parser": "^1.1.3"
      }
    },
    "@tinyhttp/res": {
      "version": "2.0.17",
      "resolved": "https://registry.npmjs.org/@tinyhttp/res/-/res-2.0.17.tgz",
      "integrity": "sha512-gMOwCPNk6w5IvO9HcP+CuGQ1xGxbL26EuUytZ6mdJP2KHl2TT4nuNkJkGnaMLiKTlOGnX/+5h+HgKlqStQyzeA==",
      "dev": true,
      "requires": {
        "@tinyhttp/content-disposition": "2.0.6",
        "@tinyhttp/cookie": "2.0.4",
        "@tinyhttp/cookie-signature": "2.0.4",
        "@tinyhttp/encode-url": "2.0.5",
        "@tinyhttp/req": "2.0.13",
        "@tinyhttp/send": "2.0.5",
        "es-escape-html": "^0.1.1",
        "es-mime-types": "^0.1.4",
        "es-vary": "^0.1.1"
      }
    },
    "@tinyhttp/router": {
      "version": "2.0.5",
      "resolved": "https://registry.npmjs.org/@tinyhttp/router/-/router-2.0.5.tgz",
      "integrity": "sha512-1YWmq61aae3fcZfqUMNSj1soCpdoPP8SDbfwsDy8RgZRG/OtNeifCmTN5+ukvxuSzGAuHBmn/c0qTQ3ECwMFrQ==",
      "dev": true
    },
    "@tinyhttp/send": {
      "version": "2.0.5",
      "resolved": "https://registry.npmjs.org/@tinyhttp/send/-/send-2.0.5.tgz",
      "integrity": "sha512-rVAa6bwPj03/npjwNO8xKDuoLE6qF4lN8QGinezznoDwjKtH3B+QwC14BFb65BXAAMajpgST4x3AKdb4khRqAw==",
      "dev": true,
      "requires": {
        "@tinyhttp/etag": "2.0.4",
        "es-content-type": "^0.1.0",
        "es-mime-types": "^0.1.4"
      }
    },
    "@tinyhttp/type-is": {
      "version": "2.0.5",
      "resolved": "https://registry.npmjs.org/@tinyhttp/type-is/-/type-is-2.0.5.tgz",
      "integrity": "sha512-X8CPx6iDkjZ51TN1uurpLdzv1jaOiW1ZlBpla2skZu+/pCMDZ8tQnyfbibYYM6hi0IPAnL+YXv4pDTIgFcbL7g==",
      "dev": true,
      "requires": {
        "es-content-type": "^0.1.0",
        "es-mime-types": "^0.1.4"
      }
    },
    "@tinyhttp/url": {
      "version": "2.0.6",
      "resolved": "https://registry.npmjs.org/@tinyhttp/url/-/url-2.0.6.tgz",
      "integrity": "sha512-NIWvR4NjcoUqWFkHZqfWmrncCIyxOwErn1bKfZVgV6xJLI5MUwAgL8B2ziU8W9ghVKiTh5dJU4p9lZVL550M5w==",
      "dev": true
    },
    "builtins": {
      "version": "4.1.0",
      "resolved": "https://registry.npmjs.org/builtins/-/builtins-4.1.0.tgz",
      "integrity": "sha512-1bPRZQtmKaO6h7qV1YHXNtr6nCK28k0Zo95KM4dXfILcZZwoHJBN1m3lfLv9LPkcOZlrSr+J1bzMaZFO98Yq0w==",
      "requires": {
        "semver": "^7.0.0"
      }
    },
    "es-content-type": {
      "version": "0.1.0",
      "resolved": "https://registry.npmjs.org/es-content-type/-/es-content-type-0.1.0.tgz",
      "integrity": "sha512-DqWU9pSzhNlO10q+NQ/KebImLkKbwbcy0pSv3hNQfEpKFHsrqDJz2vajpZdq7nkiG9DoJcTh22oHGymp7XJd9g==",
      "dev": true
    },
    "es-escape-html": {
      "version": "0.1.1",
      "resolved": "https://registry.npmjs.org/es-escape-html/-/es-escape-html-0.1.1.tgz",
      "integrity": "sha512-yUx1o+8RsG7UlszmYPtks+dm6Lho2m8lgHMOsLJQsFI0R8XwUJwiMhM1M4E/S8QLeGyf6MkDV/pWgjQ0tdTSyQ==",
      "dev": true
    },
    "es-fresh": {
      "version": "0.0.10",
      "resolved": "https://registry.npmjs.org/es-fresh/-/es-fresh-0.0.10.tgz",
      "integrity": "sha512-/e5etUqtxj7JktALldpsDNC84DOHavN9PqojnTTGeX1M2/Q4/SF8d55d7AsB3n66WYS43hdBbn0sAllto5kSIg==",
      "dev": true
    },
    "es-mime-types": {
      "version": "0.1.4",
      "resolved": "https://registry.npmjs.org/es-mime-types/-/es-mime-types-0.1.4.tgz",
      "integrity": "sha512-rUrmfrUIHU/4ykYB+YH80LDiSpmn6sE/A9E8EsFZP4LCtf/PH+ju6d6goFJ8fsGf81pRtQn1cJSmp8JGA9YkfQ==",
      "dev": true,
      "requires": {
        "mime-db": "^1.50.0"
      }
    },
    "es-vary": {
      "version": "0.1.2",
      "resolved": "https://registry.npmjs.org/es-vary/-/es-vary-0.1.2.tgz",
      "integrity": "sha512-pLqqZoOutAXQXyBJrUYVNM5fZngiOJYi1Xl4svQMrluTsqDUOQlBMw9EYgLrsWL6niDYn/Yd1y2Pj6GC+j/yjA==",
      "dev": true
    },
    "header-range-parser": {
      "version": "1.1.3",
      "resolved": "https://registry.npmjs.org/header-range-parser/-/header-range-parser-1.1.3.tgz",
      "integrity": "sha512-B9zCFt3jH8g09LR1vHL4pcAn8yMEtlSlOUdQemzHMRKMImNIhhszdeosYFfNW0WXKQtXIlWB+O4owHJKvEJYaA==",
      "dev": true
    },
    "import-meta-resolve": {
      "version": "1.1.1",
      "resolved": "https://registry.npmjs.org/import-meta-resolve/-/import-meta-resolve-1.1.1.tgz",
      "integrity": "sha512-JiTuIvVyPaUg11eTrNDx5bgQ/yMKMZffc7YSjvQeSMXy58DO2SQ8BtAf3xteZvmzvjYh14wnqNjL8XVeDy2o9A==",
      "requires": {
        "builtins": "^4.0.0"
      }
    },
    "ipaddr.js": {
      "version": "2.0.1",
      "resolved": "https://registry.npmjs.org/ipaddr.js/-/ipaddr.js-2.0.1.tgz",
      "integrity": "sha512-1qTgH9NG+IIJ4yfKs2e6Pp1bZg8wbDbKHT21HrLIeYBTRLgMYKnMTPAuI3Lcs61nfx5h1xlXnbJtH1kX5/d/ng==",
      "dev": true
    },
    "lru-cache": {
      "version": "6.0.0",
      "resolved": "https://registry.npmjs.org/lru-cache/-/lru-cache-6.0.0.tgz",
      "integrity": "sha512-Jo6dJ04CmSjuznwJSS3pUeWmd/H0ffTlkXXgwZi+eq1UCmqQwCh+eLsYOYCwY991i2Fah4h1BEMCx4qThGbsiA==",
      "requires": {
        "yallist": "^4.0.0"
      }
    },
    "milliparsec": {
      "version": "2.2.2",
      "resolved": "https://registry.npmjs.org/milliparsec/-/milliparsec-2.2.2.tgz",
      "integrity": "sha512-TvAwN6RwLpdeY8+ly4JHxC8fTE5wS1rpg3BpltJd9W7oiY4yZtlCsfIXeLw493p3+9ihpTtvQ6ovnTp3o11wyQ==",
      "dev": true
    },
    "mime-db": {
      "version": "1.52.0",
      "resolved": "https://registry.npmjs.org/mime-db/-/mime-db-1.52.0.tgz",
      "integrity": "sha512-sPU4uV7dYlvtWJxwwxHD0PuihVNiE7TyAbQ5SWxDCB9mUYvOgroQOwYQQOKPJ8CIbE+1ETVlOoK1UC2nU3gYvg==",
      "dev": true
    },
    "nbb": {
      "version": "0.5.120",
      "resolved": "https://registry.npmjs.org/nbb/-/nbb-0.5.120.tgz",
      "integrity": "sha512-vZ51SHcD9Bk1oYTWm5PFoiYjPpOOMi0q0wSgA3z8cczh0703un5UdwI0hGwDLcMFRd1PgLgCVe8LV7mfckd/6g==",
      "requires": {
        "import-meta-resolve": "^1.1.1"
      }
    },
    "negotiator": {
      "version": "0.6.3",
      "resolved": "https://registry.npmjs.org/negotiator/-/negotiator-0.6.3.tgz",
      "integrity": "sha512-+EUsqGPLsM+j/zdChZjsnX51g4XrHFOIXwfnCVPGlQk/k5giakcKsuxCObBRu6DSm9opw/O6slWbJdghQM4bBg==",
      "dev": true
    },
    "regexparam": {
      "version": "2.0.1",
      "resolved": "https://registry.npmjs.org/regexparam/-/regexparam-2.0.1.tgz",
      "integrity": "sha512-zRgSaYemnNYxUv+/5SeoHI0eJIgTL/A2pUtXUPLHQxUldagouJ9p+K6IbIZ/JiQuCEv2E2B1O11SjVQy3aMCkw==",
      "dev": true
    },
    "semver": {
      "version": "7.3.7",
      "resolved": "https://registry.npmjs.org/semver/-/semver-7.3.7.tgz",
      "integrity": "sha512-QlYTucUYOews+WeEujDoEGziz4K6c47V/Bd+LjSSYcA94p+DmINdf7ncaUinThfvZyu13lN9OY1XDxt8C0Tw0g==",
      "requires": {
        "lru-cache": "^6.0.0"
      }
    },
    "yallist": {
      "version": "4.0.0",
      "resolved": "https://registry.npmjs.org/yallist/-/yallist-4.0.0.tgz",
      "integrity": "sha512-3wdGidZyq5PB084XLES5TpOSRA3wjXAlIWMhum2kRcv/41Sn2emQ0dycQW4uZXLejwKvg6EsvbdlVL+FYEct7A=="
    }
  }
}
